
Microsoft Visual Studio Solution File, Format Version 12.00
# Visual Studio Version 17
VisualStudioVersion = 17.5.33502.453
MinimumVisualStudioVersion = 10.0.40219.1
Project("{9A19103F-16F7-4668-BE54-9A1E7A4F7556}") = "bookDemo", "bookDemo.csproj", "{42AF7636-F2A8-478C-9C67-417249828438}"
EndProject
Global
	GlobalSection(SolutionConfigurationPlatforms) = preSolution
		Debug|Any CPU = Debug|Any CPU
		Release|Any CPU = Release|Any CPU
	EndGlobalSection
	GlobalSection(ProjectConfigurationPlatforms) = postSolution
		{42AF7636-F2A8-478C-9C67-417249828438}.Debug|Any CPU.ActiveCfg = Debug|Any CPU
		{42AF7636-F2A8-478C-9C67-417249828438}.Debug|Any CPU.Build.0 = Debug|Any CPU
		{42AF7636-F2A8-478C-9C67-417249828438}.Release|Any CPU.ActiveCfg = Release|Any CPU
		{42AF7636-F2A8-478C-9C67-417249828438}.Release|Any CPU.Build.0 = Release|Any CPU
	EndGlobalSection
	GlobalSection(SolutionProperties) = preSolution
		HideSolutionNode = FALSE
	EndGlobalSection
	GlobalSection(ExtensibilityGlobals) = postSolution
		SolutionGuid = {869D297A-BB1C-44B7-AB3A-1563DCC8D03F}
	EndGlobalSection
EndGlobal
